
Microsoft Visual Studio Solution File, Format Version 12.00
# Visual Studio Version 16
VisualStudioVersion = 16.0.30626.31
MinimumVisualStudioVersion = 10.0.40219.1
Project("{9A19103F-16F7-4668-BE54-9A1E7A4F7556}") = "Computation", "Computation\Computation.csproj", "{D8531748-8225-4A6E-A69E-543BD48CDC24}"
EndProject
Project("{FAE04EC0-301F-11D3-BF4B-00C04F79EFBC}") = "ConsoleTestApp", "ConsoleTestApp\ConsoleTestApp.csproj", "{81270F0A-5E8C-48BF-B780-2A61B9886092}"
EndProject
Global
	GlobalSection(SolutionConfigurationPlatforms) = preSolution
		Debug|Any CPU = Debug|Any CPU
		Release|Any CPU = Release|Any CPU
	EndGlobalSection
	GlobalSection(ProjectConfigurationPlatforms) = postSolution
		{D8531748-8225-4A6E-A69E-543BD48CDC24}.Debug|Any CPU.ActiveCfg = Debug|Any CPU
		{D8531748-8225-4A6E-A69E-543BD48CDC24}.Debug|Any CPU.Build.0 = Debug|Any CPU
		{D8531748-8225-4A6E-A69E-543BD48CDC24}.Release|Any CPU.ActiveCfg = Release|Any CPU
		{D8531748-8225-4A6E-A69E-543BD48CDC24}.Release|Any CPU.Build.0 = Release|Any CPU
		{81270F0A-5E8C-48BF-B780-2A61B9886092}.Debug|Any CPU.ActiveCfg = Debug|Any CPU
		{81270F0A-5E8C-48BF-B780-2A61B9886092}.Debug|Any CPU.Build.0 = Debug|Any CPU
		{81270F0A-5E8C-48BF-B780-2A61B9886092}.Release|Any CPU.ActiveCfg = Release|Any CPU
		{81270F0A-5E8C-48BF-B780-2A61B9886092}.Release|Any CPU.Build.0 = Release|Any CPU
	EndGlobalSection
	GlobalSection(SolutionProperties) = preSolution
		HideSolutionNode = FALSE
	EndGlobalSection
	GlobalSection(ExtensibilityGlobals) = postSolution
		SolutionGuid = {5E2E84A6-334D-4840-916A-67666B21CB24}
	EndGlobalSection
EndGlobal
